// !$*UTF8*$!
{
	archiveVersion = 1;
	classes = {
	};
	objectVersion = 46;
	objects = {

/* Begin PBXBuildFile section */
		4B69954EC0E353ACFEDFD890 /* libPods-SLUSH.a in Frameworks */ = {isa = PBXBuildFile; fileRef = 3C8E5A0AE889B3DDBC310613 /* libPods-SLUSH.a */; };
		4C74AF371BB0B58500D2770F /* LoginViewController.m in Sources */ = {isa = PBXBuildFile; fileRef = 4C74AF361BB0B58500D2770F /* LoginViewController.m */; settings = {ASSET_TAGS = (); }; };
		4C74AF3D1BB0CB8100D2770F /* Property.m in Sources */ = {isa = PBXBuildFile; fileRef = 4C74AF3C1BB0CB8100D2770F /* Property.m */; settings = {ASSET_TAGS = (); }; };
		4C74AF431BB0D21800D2770F /* Constants.m in Sources */ = {isa = PBXBuildFile; fileRef = 4C74AF421BB0D21800D2770F /* Constants.m */; settings = {ASSET_TAGS = (); }; };
		4C9AB5F01BB0EED40037B32E /* AWSDatabaseManager.m in Sources */ = {isa = PBXBuildFile; fileRef = 4C9AB5EF1BB0EED40037B32E /* AWSDatabaseManager.m */; settings = {ASSET_TAGS = (); }; };
		4C9AB5F61BB215470037B32E /* LocationSearchResultsController.m in Sources */ = {isa = PBXBuildFile; fileRef = 4C9AB5F51BB215470037B32E /* LocationSearchResultsController.m */; settings = {ASSET_TAGS = (); }; };
		4C9AB5F91BB217730037B32E /* GooglePlaceService.m in Sources */ = {isa = PBXBuildFile; fileRef = 4C9AB5F81BB217730037B32E /* GooglePlaceService.m */; settings = {ASSET_TAGS = (); }; };
		4C9AB5FC1BB243C20037B32E /* ErrorAlertController.m in Sources */ = {isa = PBXBuildFile; fileRef = 4C9AB5FB1BB243C20037B32E /* ErrorAlertController.m */; settings = {ASSET_TAGS = (); }; };
		4C9AB5FF1BB25D450037B32E /* PriceRangePickerDataSource.m in Sources */ = {isa = PBXBuildFile; fileRef = 4C9AB5FE1BB25D450037B32E /* PriceRangePickerDataSource.m */; settings = {ASSET_TAGS = (); }; };
		AE06B80C1BB2344E00FB9EAE /* Secrets.m in Sources */ = {isa = PBXBuildFile; fileRef = AE06B80B1BB2344E00FB9EAE /* Secrets.m */; settings = {ASSET_TAGS = (); }; };
		AEB160C41BB088A2006038A6 /* Profile.storyboard in Resources */ = {isa = PBXBuildFile; fileRef = AEB160C31BB088A2006038A6 /* Profile.storyboard */; settings = {ASSET_TAGS = (); }; };
		AEB160C61BB088CE006038A6 /* Starting.storyboard in Resources */ = {isa = PBXBuildFile; fileRef = AEB160C51BB088CE006038A6 /* Starting.storyboard */; settings = {ASSET_TAGS = (); }; };
		AEB160C91BB08F59006038A6 /* StartingViewController.m in Sources */ = {isa = PBXBuildFile; fileRef = AEB160C81BB08F59006038A6 /* StartingViewController.m */; settings = {ASSET_TAGS = (); }; };
		B52EA8361BB060FF00A1C98E /* main.m in Sources */ = {isa = PBXBuildFile; fileRef = B52EA8351BB060FF00A1C98E /* main.m */; };
		B52EA8391BB060FF00A1C98E /* AppDelegate.m in Sources */ = {isa = PBXBuildFile; fileRef = B52EA8381BB060FF00A1C98E /* AppDelegate.m */; };
		B52EA83F1BB060FF00A1C98E /* Listings.storyboard in Resources */ = {isa = PBXBuildFile; fileRef = B52EA83D1BB060FF00A1C98E /* Listings.storyboard */; };
		B52EA8421BB060FF00A1C98E /* SLUSH.xcdatamodeld in Sources */ = {isa = PBXBuildFile; fileRef = B52EA8401BB060FF00A1C98E /* SLUSH.xcdatamodeld */; };
		B52EA8441BB060FF00A1C98E /* Assets.xcassets in Resources */ = {isa = PBXBuildFile; fileRef = B52EA8431BB060FF00A1C98E /* Assets.xcassets */; };
		B52EA8521BB060FF00A1C98E /* SLUSHTests.m in Sources */ = {isa = PBXBuildFile; fileRef = B52EA8511BB060FF00A1C98E /* SLUSHTests.m */; };
		B52EA85D1BB060FF00A1C98E /* SLUSHUITests.m in Sources */ = {isa = PBXBuildFile; fileRef = B52EA85C1BB060FF00A1C98E /* SLUSHUITests.m */; };
		B52EA86C1BB061EA00A1C98E /* FilterViewController.m in Sources */ = {isa = PBXBuildFile; fileRef = B52EA86B1BB061EA00A1C98E /* FilterViewController.m */; settings = {ASSET_TAGS = (); }; };
		B52EA86F1BB0620900A1C98E /* MapViewController.m in Sources */ = {isa = PBXBuildFile; fileRef = B52EA86E1BB0620900A1C98E /* MapViewController.m */; settings = {ASSET_TAGS = (); }; };
		B52EA8721BB0626800A1C98E /* ProfileViewController.m in Sources */ = {isa = PBXBuildFile; fileRef = B52EA8711BB0626800A1C98E /* ProfileViewController.m */; settings = {ASSET_TAGS = (); }; };
		B52EA8751BB0627600A1C98E /* NewPropertyViewController.m in Sources */ = {isa = PBXBuildFile; fileRef = B52EA8741BB0627600A1C98E /* NewPropertyViewController.m */; settings = {ASSET_TAGS = (); }; };
		B55830361BB1C32100002FE5 /* BrowseListingsTableViewController.m in Sources */ = {isa = PBXBuildFile; fileRef = B55830351BB1C32100002FE5 /* BrowseListingsTableViewController.m */; settings = {ASSET_TAGS = (); }; };
		B558303B1BB1CF2B00002FE5 /* BrowseListingCellsTableViewCell.m in Sources */ = {isa = PBXBuildFile; fileRef = B558303A1BB1CF2B00002FE5 /* BrowseListingCellsTableViewCell.m */; settings = {ASSET_TAGS = (); }; };
		B558303E1BB1D10200002FE5 /* ImageCollectionViewCell.m in Sources */ = {isa = PBXBuildFile; fileRef = B558303D1BB1D10200002FE5 /* ImageCollectionViewCell.m */; settings = {ASSET_TAGS = (); }; };
		DF7DA1741BB1E782004882E0 /* UserDataObject.m in Sources */ = {isa = PBXBuildFile; fileRef = DF7DA1731BB1E782004882E0 /* UserDataObject.m */; settings = {ASSET_TAGS = (); }; };
		DF7DA1771BB1E794004882E0 /* PropertyDataObject.m in Sources */ = {isa = PBXBuildFile; fileRef = DF7DA1761BB1E794004882E0 /* PropertyDataObject.m */; settings = {ASSET_TAGS = (); }; };
		DF7DA17A1BB1E7BC004882E0 /* PropertyQueryFilter.m in Sources */ = {isa = PBXBuildFile; fileRef = DF7DA1791BB1E7BC004882E0 /* PropertyQueryFilter.m */; settings = {ASSET_TAGS = (); }; };
/* End PBXBuildFile section */

/* Begin PBXContainerItemProxy section */
		B52EA84E1BB060FF00A1C98E /* PBXContainerItemProxy */ = {
			isa = PBXContainerItemProxy;
			containerPortal = B52EA8291BB060FF00A1C98E /* Project object */;
			proxyType = 1;
			remoteGlobalIDString = B52EA8301BB060FF00A1C98E;
			remoteInfo = SLUSH;
		};
		B52EA8591BB060FF00A1C98E /* PBXContainerItemProxy */ = {
			isa = PBXContainerItemProxy;
			containerPortal = B52EA8291BB060FF00A1C98E /* Project object */;
			proxyType = 1;
			remoteGlobalIDString = B52EA8301BB060FF00A1C98E;
			remoteInfo = SLUSH;
		};
/* End PBXContainerItemProxy section */

/* Begin PBXFileReference section */
		3C8E5A0AE889B3DDBC310613 /* libPods-SLUSH.a */ = {isa = PBXFileReference; explicitFileType = archive.ar; includeInIndex = 0; path = "libPods-SLUSH.a"; sourceTree = BUILT_PRODUCTS_DIR; };
		4C74AF351BB0B58500D2770F /* LoginViewController.h */ = {isa = PBXFileReference; fileEncoding = 4; lastKnownFileType = sourcecode.c.h; path = LoginViewController.h; sourceTree = "<group>"; };
		4C74AF361BB0B58500D2770F /* LoginViewController.m */ = {isa = PBXFileReference; fileEncoding = 4; lastKnownFileType = sourcecode.c.objc; path = LoginViewController.m; sourceTree = "<group>"; };
		4C74AF3B1BB0CB8100D2770F /* Property.h */ = {isa = PBXFileReference; fileEncoding = 4; lastKnownFileType = sourcecode.c.h; path = Property.h; sourceTree = "<group>"; };
		4C74AF3C1BB0CB8100D2770F /* Property.m */ = {isa = PBXFileReference; fileEncoding = 4; lastKnownFileType = sourcecode.c.objc; path = Property.m; sourceTree = "<group>"; };
		4C74AF411BB0D21800D2770F /* Constants.h */ = {isa = PBXFileReference; fileEncoding = 4; lastKnownFileType = sourcecode.c.h; path = Constants.h; sourceTree = "<group>"; };
		4C74AF421BB0D21800D2770F /* Constants.m */ = {isa = PBXFileReference; fileEncoding = 4; lastKnownFileType = sourcecode.c.objc; path = Constants.m; sourceTree = "<group>"; };
		4C9AB5EE1BB0EED40037B32E /* AWSDatabaseManager.h */ = {isa = PBXFileReference; fileEncoding = 4; lastKnownFileType = sourcecode.c.h; path = AWSDatabaseManager.h; sourceTree = "<group>"; };
		4C9AB5EF1BB0EED40037B32E /* AWSDatabaseManager.m */ = {isa = PBXFileReference; fileEncoding = 4; lastKnownFileType = sourcecode.c.objc; path = AWSDatabaseManager.m; sourceTree = "<group>"; };
		4C9AB5F41BB215470037B32E /* LocationSearchResultsController.h */ = {isa = PBXFileReference; fileEncoding = 4; lastKnownFileType = sourcecode.c.h; path = LocationSearchResultsController.h; sourceTree = "<group>"; };
		4C9AB5F51BB215470037B32E /* LocationSearchResultsController.m */ = {isa = PBXFileReference; fileEncoding = 4; lastKnownFileType = sourcecode.c.objc; path = LocationSearchResultsController.m; sourceTree = "<group>"; };
		4C9AB5F71BB217730037B32E /* GooglePlaceService.h */ = {isa = PBXFileReference; fileEncoding = 4; lastKnownFileType = sourcecode.c.h; path = GooglePlaceService.h; sourceTree = "<group>"; };
		4C9AB5F81BB217730037B32E /* GooglePlaceService.m */ = {isa = PBXFileReference; fileEncoding = 4; lastKnownFileType = sourcecode.c.objc; path = GooglePlaceService.m; sourceTree = "<group>"; };
		4C9AB5FA1BB243C20037B32E /* ErrorAlertController.h */ = {isa = PBXFileReference; fileEncoding = 4; lastKnownFileType = sourcecode.c.h; path = ErrorAlertController.h; sourceTree = "<group>"; };
		4C9AB5FB1BB243C20037B32E /* ErrorAlertController.m */ = {isa = PBXFileReference; fileEncoding = 4; lastKnownFileType = sourcecode.c.objc; path = ErrorAlertController.m; sourceTree = "<group>"; };
		4C9AB5FD1BB25D450037B32E /* PriceRangePickerDataSource.h */ = {isa = PBXFileReference; fileEncoding = 4; lastKnownFileType = sourcecode.c.h; path = PriceRangePickerDataSource.h; sourceTree = "<group>"; };
		4C9AB5FE1BB25D450037B32E /* PriceRangePickerDataSource.m */ = {isa = PBXFileReference; fileEncoding = 4; lastKnownFileType = sourcecode.c.objc; path = PriceRangePickerDataSource.m; sourceTree = "<group>"; };
		4FFE30BAB7754F1D9E63AA7B /* Pods-SLUSH.release.xcconfig */ = {isa = PBXFileReference; includeInIndex = 1; lastKnownFileType = text.xcconfig; name = "Pods-SLUSH.release.xcconfig"; path = "Pods/Target Support Files/Pods-SLUSH/Pods-SLUSH.release.xcconfig"; sourceTree = "<group>"; };
		5D12102E74F16FC75A3DF591 /* Pods-SLUSH.debug.xcconfig */ = {isa = PBXFileReference; includeInIndex = 1; lastKnownFileType = text.xcconfig; name = "Pods-SLUSH.debug.xcconfig"; path = "Pods/Target Support Files/Pods-SLUSH/Pods-SLUSH.debug.xcconfig"; sourceTree = "<group>"; };
		AE06B80B1BB2344E00FB9EAE /* Secrets.m */ = {isa = PBXFileReference; fileEncoding = 4; lastKnownFileType = sourcecode.c.objc; path = Secrets.m; sourceTree = "<group>"; };
		AEB160C31BB088A2006038A6 /* Profile.storyboard */ = {isa = PBXFileReference; fileEncoding = 4; lastKnownFileType = file.storyboard; path = Profile.storyboard; sourceTree = "<group>"; };
		AEB160C51BB088CE006038A6 /* Starting.storyboard */ = {isa = PBXFileReference; fileEncoding = 4; lastKnownFileType = file.storyboard; path = Starting.storyboard; sourceTree = "<group>"; };
		AEB160C71BB08F59006038A6 /* StartingViewController.h */ = {isa = PBXFileReference; fileEncoding = 4; lastKnownFileType = sourcecode.c.h; path = StartingViewController.h; sourceTree = "<group>"; };
		AEB160C81BB08F59006038A6 /* StartingViewController.m */ = {isa = PBXFileReference; fileEncoding = 4; lastKnownFileType = sourcecode.c.objc; path = StartingViewController.m; sourceTree = "<group>"; };
		AEDCC3211BB22D0100D3A194 /* Secrets.h */ = {isa = PBXFileReference; fileEncoding = 4; lastKnownFileType = sourcecode.c.h; path = Secrets.h; sourceTree = "<group>"; };
		AEE8E16D1BB1F70C003D5727 /* CoreLocation.framework */ = {isa = PBXFileReference; lastKnownFileType = wrapper.framework; name = CoreLocation.framework; path = System/Library/Frameworks/CoreLocation.framework; sourceTree = SDKROOT; };
		B52EA8311BB060FF00A1C98E /* SLUSH.app */ = {isa = PBXFileReference; explicitFileType = wrapper.application; includeInIndex = 0; path = SLUSH.app; sourceTree = BUILT_PRODUCTS_DIR; };
		B52EA8351BB060FF00A1C98E /* main.m */ = {isa = PBXFileReference; lastKnownFileType = sourcecode.c.objc; path = main.m; sourceTree = "<group>"; };
		B52EA8371BB060FF00A1C98E /* AppDelegate.h */ = {isa = PBXFileReference; lastKnownFileType = sourcecode.c.h; path = AppDelegate.h; sourceTree = "<group>"; };
		B52EA8381BB060FF00A1C98E /* AppDelegate.m */ = {isa = PBXFileReference; lastKnownFileType = sourcecode.c.objc; path = AppDelegate.m; sourceTree = "<group>"; };
		B52EA83E1BB060FF00A1C98E /* Base */ = {isa = PBXFileReference; lastKnownFileType = file.storyboard; name = Base; path = Base.lproj/Listings.storyboard; sourceTree = "<group>"; };
		B52EA8411BB060FF00A1C98E /* SLUSH.xcdatamodel */ = {isa = PBXFileReference; lastKnownFileType = wrapper.xcdatamodel; path = SLUSH.xcdatamodel; sourceTree = "<group>"; };
		B52EA8431BB060FF00A1C98E /* Assets.xcassets */ = {isa = PBXFileReference; lastKnownFileType = folder.assetcatalog; path = Assets.xcassets; sourceTree = "<group>"; };
		B52EA8481BB060FF00A1C98E /* Info.plist */ = {isa = PBXFileReference; lastKnownFileType = text.plist.xml; path = Info.plist; sourceTree = "<group>"; };
		B52EA84D1BB060FF00A1C98E /* SLUSHTests.xctest */ = {isa = PBXFileReference; explicitFileType = wrapper.cfbundle; includeInIndex = 0; path = SLUSHTests.xctest; sourceTree = BUILT_PRODUCTS_DIR; };
		B52EA8511BB060FF00A1C98E /* SLUSHTests.m */ = {isa = PBXFileReference; lastKnownFileType = sourcecode.c.objc; path = SLUSHTests.m; sourceTree = "<group>"; };
		B52EA8531BB060FF00A1C98E /* Info.plist */ = {isa = PBXFileReference; lastKnownFileType = text.plist.xml; path = Info.plist; sourceTree = "<group>"; };
		B52EA8581BB060FF00A1C98E /* SLUSHUITests.xctest */ = {isa = PBXFileReference; explicitFileType = wrapper.cfbundle; includeInIndex = 0; path = SLUSHUITests.xctest; sourceTree = BUILT_PRODUCTS_DIR; };
		B52EA85C1BB060FF00A1C98E /* SLUSHUITests.m */ = {isa = PBXFileReference; lastKnownFileType = sourcecode.c.objc; path = SLUSHUITests.m; sourceTree = "<group>"; };
		B52EA85E1BB060FF00A1C98E /* Info.plist */ = {isa = PBXFileReference; lastKnownFileType = text.plist.xml; path = Info.plist; sourceTree = "<group>"; };
		B52EA86A1BB061EA00A1C98E /* FilterViewController.h */ = {isa = PBXFileReference; fileEncoding = 4; lastKnownFileType = sourcecode.c.h; path = FilterViewController.h; sourceTree = "<group>"; };
		B52EA86B1BB061EA00A1C98E /* FilterViewController.m */ = {isa = PBXFileReference; fileEncoding = 4; lastKnownFileType = sourcecode.c.objc; path = FilterViewController.m; sourceTree = "<group>"; };
		B52EA86D1BB0620900A1C98E /* MapViewController.h */ = {isa = PBXFileReference; fileEncoding = 4; lastKnownFileType = sourcecode.c.h; path = MapViewController.h; sourceTree = "<group>"; };
		B52EA86E1BB0620900A1C98E /* MapViewController.m */ = {isa = PBXFileReference; fileEncoding = 4; lastKnownFileType = sourcecode.c.objc; path = MapViewController.m; sourceTree = "<group>"; };
		B52EA8701BB0626800A1C98E /* ProfileViewController.h */ = {isa = PBXFileReference; fileEncoding = 4; lastKnownFileType = sourcecode.c.h; path = ProfileViewController.h; sourceTree = "<group>"; };
		B52EA8711BB0626800A1C98E /* ProfileViewController.m */ = {isa = PBXFileReference; fileEncoding = 4; lastKnownFileType = sourcecode.c.objc; path = ProfileViewController.m; sourceTree = "<group>"; };
		B52EA8731BB0627600A1C98E /* NewPropertyViewController.h */ = {isa = PBXFileReference; fileEncoding = 4; lastKnownFileType = sourcecode.c.h; path = NewPropertyViewController.h; sourceTree = "<group>"; };
		B52EA8741BB0627600A1C98E /* NewPropertyViewController.m */ = {isa = PBXFileReference; fileEncoding = 4; lastKnownFileType = sourcecode.c.objc; path = NewPropertyViewController.m; sourceTree = "<group>"; };
		B55830341BB1C32100002FE5 /* BrowseListingsTableViewController.h */ = {isa = PBXFileReference; fileEncoding = 4; lastKnownFileType = sourcecode.c.h; path = BrowseListingsTableViewController.h; sourceTree = "<group>"; };
		B55830351BB1C32100002FE5 /* BrowseListingsTableViewController.m */ = {isa = PBXFileReference; fileEncoding = 4; lastKnownFileType = sourcecode.c.objc; path = BrowseListingsTableViewController.m; sourceTree = "<group>"; };
		B55830391BB1CF2B00002FE5 /* BrowseListingCellsTableViewCell.h */ = {isa = PBXFileReference; fileEncoding = 4; lastKnownFileType = sourcecode.c.h; path = BrowseListingCellsTableViewCell.h; sourceTree = "<group>"; };
		B558303A1BB1CF2B00002FE5 /* BrowseListingCellsTableViewCell.m */ = {isa = PBXFileReference; fileEncoding = 4; lastKnownFileType = sourcecode.c.objc; path = BrowseListingCellsTableViewCell.m; sourceTree = "<group>"; };
		B558303C1BB1D10200002FE5 /* ImageCollectionViewCell.h */ = {isa = PBXFileReference; fileEncoding = 4; lastKnownFileType = sourcecode.c.h; path = ImageCollectionViewCell.h; sourceTree = "<group>"; };
		B558303D1BB1D10200002FE5 /* ImageCollectionViewCell.m */ = {isa = PBXFileReference; fileEncoding = 4; lastKnownFileType = sourcecode.c.objc; path = ImageCollectionViewCell.m; sourceTree = "<group>"; };
		DF7DA1721BB1E782004882E0 /* UserDataObject.h */ = {isa = PBXFileReference; fileEncoding = 4; lastKnownFileType = sourcecode.c.h; path = UserDataObject.h; sourceTree = "<group>"; };
		DF7DA1731BB1E782004882E0 /* UserDataObject.m */ = {isa = PBXFileReference; fileEncoding = 4; lastKnownFileType = sourcecode.c.objc; path = UserDataObject.m; sourceTree = "<group>"; };
		DF7DA1751BB1E794004882E0 /* PropertyDataObject.h */ = {isa = PBXFileReference; fileEncoding = 4; lastKnownFileType = sourcecode.c.h; path = PropertyDataObject.h; sourceTree = "<group>"; };
		DF7DA1761BB1E794004882E0 /* PropertyDataObject.m */ = {isa = PBXFileReference; fileEncoding = 4; lastKnownFileType = sourcecode.c.objc; path = PropertyDataObject.m; sourceTree = "<group>"; };
		DF7DA1781BB1E7BC004882E0 /* PropertyQueryFilter.h */ = {isa = PBXFileReference; fileEncoding = 4; lastKnownFileType = sourcecode.c.h; path = PropertyQueryFilter.h; sourceTree = "<group>"; };
		DF7DA1791BB1E7BC004882E0 /* PropertyQueryFilter.m */ = {isa = PBXFileReference; fileEncoding = 4; lastKnownFileType = sourcecode.c.objc; path = PropertyQueryFilter.m; sourceTree = "<group>"; };
/* End PBXFileReference section */

/* Begin PBXFrameworksBuildPhase section */
		B52EA82E1BB060FF00A1C98E /* Frameworks */ = {
			isa = PBXFrameworksBuildPhase;
			buildActionMask = 2147483647;
			files = (
				4B69954EC0E353ACFEDFD890 /* libPods-SLUSH.a in Frameworks */,
			);
			runOnlyForDeploymentPostprocessing = 0;
		};
		B52EA84A1BB060FF00A1C98E /* Frameworks */ = {
			isa = PBXFrameworksBuildPhase;
			buildActionMask = 2147483647;
			files = (
			);
			runOnlyForDeploymentPostprocessing = 0;
		};
		B52EA8551BB060FF00A1C98E /* Frameworks */ = {
			isa = PBXFrameworksBuildPhase;
			buildActionMask = 2147483647;
			files = (
			);
			runOnlyForDeploymentPostprocessing = 0;
		};
/* End PBXFrameworksBuildPhase section */

/* Begin PBXGroup section */
		26AA02D669CFACC35740F89E /* Frameworks */ = {
			isa = PBXGroup;
			children = (
				AEE8E16D1BB1F70C003D5727 /* CoreLocation.framework */,
				3C8E5A0AE889B3DDBC310613 /* libPods-SLUSH.a */,
			);
			name = Frameworks;
			sourceTree = "<group>";
		};
		92A88772705ACC15F66FA023 /* Pods */ = {
			isa = PBXGroup;
			children = (
				5D12102E74F16FC75A3DF591 /* Pods-SLUSH.debug.xcconfig */,
				4FFE30BAB7754F1D9E63AA7B /* Pods-SLUSH.release.xcconfig */,
			);
			name = Pods;
			sourceTree = "<group>";
		};
		B52EA8281BB060FF00A1C98E = {
			isa = PBXGroup;
			children = (
				B52EA8331BB060FF00A1C98E /* SLUSH */,
				B52EA8501BB060FF00A1C98E /* SLUSHTests */,
				B52EA85B1BB060FF00A1C98E /* SLUSHUITests */,
				B52EA8321BB060FF00A1C98E /* Products */,
				92A88772705ACC15F66FA023 /* Pods */,
				26AA02D669CFACC35740F89E /* Frameworks */,
			);
			sourceTree = "<group>";
		};
		B52EA8321BB060FF00A1C98E /* Products */ = {
			isa = PBXGroup;
			children = (
				B52EA8311BB060FF00A1C98E /* SLUSH.app */,
				B52EA84D1BB060FF00A1C98E /* SLUSHTests.xctest */,
				B52EA8581BB060FF00A1C98E /* SLUSHUITests.xctest */,
			);
			name = Products;
			sourceTree = "<group>";
		};
		B52EA8331BB060FF00A1C98E /* SLUSH */ = {
			isa = PBXGroup;
			children = (
				B52EA8371BB060FF00A1C98E /* AppDelegate.h */,
				B52EA8381BB060FF00A1C98E /* AppDelegate.m */,
				4C74AF411BB0D21800D2770F /* Constants.h */,
				4C74AF421BB0D21800D2770F /* Constants.m */,
				AEDCC3211BB22D0100D3A194 /* Secrets.h */,
				AE06B80B1BB2344E00FB9EAE /* Secrets.m */,
				B52EA8781BB062A000A1C98E /* Models */,
				B52EA8761BB0628F00A1C98E /* Controllers */,
				B52EA8771BB0629A00A1C98E /* Views */,
				B52EA8431BB060FF00A1C98E /* Assets.xcassets */,
				B52EA8481BB060FF00A1C98E /* Info.plist */,
				B52EA8401BB060FF00A1C98E /* SLUSH.xcdatamodeld */,
				B52EA8341BB060FF00A1C98E /* Supporting Files */,
			);
			path = SLUSH;
			sourceTree = "<group>";
		};
		B52EA8341BB060FF00A1C98E /* Supporting Files */ = {
			isa = PBXGroup;
			children = (
				B52EA8351BB060FF00A1C98E /* main.m */,
			);
			name = "Supporting Files";
			sourceTree = "<group>";
		};
		B52EA8501BB060FF00A1C98E /* SLUSHTests */ = {
			isa = PBXGroup;
			children = (
				B52EA8511BB060FF00A1C98E /* SLUSHTests.m */,
				B52EA8531BB060FF00A1C98E /* Info.plist */,
			);
			path = SLUSHTests;
			sourceTree = "<group>";
		};
		B52EA85B1BB060FF00A1C98E /* SLUSHUITests */ = {
			isa = PBXGroup;
			children = (
				B52EA85C1BB060FF00A1C98E /* SLUSHUITests.m */,
				B52EA85E1BB060FF00A1C98E /* Info.plist */,
			);
			path = SLUSHUITests;
			sourceTree = "<group>";
		};
		B52EA8761BB0628F00A1C98E /* Controllers */ = {
			isa = PBXGroup;
			children = (
				4C74AF351BB0B58500D2770F /* LoginViewController.h */,
				4C74AF361BB0B58500D2770F /* LoginViewController.m */,
				B52EA8711BB0626800A1C98E /* ProfileViewController.m */,
				B52EA8701BB0626800A1C98E /* ProfileViewController.h */,
				B52EA8731BB0627600A1C98E /* NewPropertyViewController.h */,
				B52EA8741BB0627600A1C98E /* NewPropertyViewController.m */,
				B52EA86D1BB0620900A1C98E /* MapViewController.h */,
				B52EA86E1BB0620900A1C98E /* MapViewController.m */,
				B52EA86A1BB061EA00A1C98E /* FilterViewController.h */,
				B52EA86B1BB061EA00A1C98E /* FilterViewController.m */,
				4C9AB5F41BB215470037B32E /* LocationSearchResultsController.h */,
				4C9AB5F51BB215470037B32E /* LocationSearchResultsController.m */,
				4C9AB5FA1BB243C20037B32E /* ErrorAlertController.h */,
				4C9AB5FB1BB243C20037B32E /* ErrorAlertController.m */,
				AEB160C71BB08F59006038A6 /* StartingViewController.h */,
				AEB160C81BB08F59006038A6 /* StartingViewController.m */,
				B55830341BB1C32100002FE5 /* BrowseListingsTableViewController.h */,
				B55830351BB1C32100002FE5 /* BrowseListingsTableViewController.m */,
			);
			name = Controllers;
			sourceTree = "<group>";
		};
		B52EA8771BB0629A00A1C98E /* Views */ = {
			isa = PBXGroup;
			children = (
				B52EA83D1BB060FF00A1C98E /* Listings.storyboard */,
				AEB160C31BB088A2006038A6 /* Profile.storyboard */,
				AEB160C51BB088CE006038A6 /* Starting.storyboard */,
			);
			name = Views;
			sourceTree = "<group>";
		};
		B52EA8781BB062A000A1C98E /* Models */ = {
			isa = PBXGroup;
			children = (
				4C9AB5FD1BB25D450037B32E /* PriceRangePickerDataSource.h */,
				4C9AB5FE1BB25D450037B32E /* PriceRangePickerDataSource.m */,
				4C9AB5F71BB217730037B32E /* GooglePlaceService.h */,
				4C9AB5F81BB217730037B32E /* GooglePlaceService.m */,
				4C9AB5EE1BB0EED40037B32E /* AWSDatabaseManager.h */,
				4C9AB5EF1BB0EED40037B32E /* AWSDatabaseManager.m */,
				4C74AF3B1BB0CB8100D2770F /* Property.h */,
				4C74AF3C1BB0CB8100D2770F /* Property.m */,
				DF7DA1751BB1E794004882E0 /* PropertyDataObject.h */,
				DF7DA1761BB1E794004882E0 /* PropertyDataObject.m */,
				DF7DA1781BB1E7BC004882E0 /* PropertyQueryFilter.h */,
				DF7DA1791BB1E7BC004882E0 /* PropertyQueryFilter.m */,
				DF7DA1721BB1E782004882E0 /* UserDataObject.h */,
				DF7DA1731BB1E782004882E0 /* UserDataObject.m */,
				B55830391BB1CF2B00002FE5 /* BrowseListingCellsTableViewCell.h */,
				B558303A1BB1CF2B00002FE5 /* BrowseListingCellsTableViewCell.m */,
				B558303C1BB1D10200002FE5 /* ImageCollectionViewCell.h */,
				B558303D1BB1D10200002FE5 /* ImageCollectionViewCell.m */,
			);
			name = Models;
			sourceTree = "<group>";
		};
/* End PBXGroup section */

/* Begin PBXNativeTarget section */
		B52EA8301BB060FF00A1C98E /* SLUSH */ = {
			isa = PBXNativeTarget;
			buildConfigurationList = B52EA8611BB060FF00A1C98E /* Build configuration list for PBXNativeTarget "SLUSH" */;
			buildPhases = (
				4BA8A7038F7F6EB024AF3F7A /* Check Pods Manifest.lock */,
				B52EA82D1BB060FF00A1C98E /* Sources */,
				B52EA82E1BB060FF00A1C98E /* Frameworks */,
				B52EA82F1BB060FF00A1C98E /* Resources */,
				D6FEED2A4DCEA910847549BC /* Copy Pods Resources */,
			);
			buildRules = (
			);
			dependencies = (
			);
			name = SLUSH;
			productName = SLUSH;
			productReference = B52EA8311BB060FF00A1C98E /* SLUSH.app */;
			productType = "com.apple.product-type.application";
		};
		B52EA84C1BB060FF00A1C98E /* SLUSHTests */ = {
			isa = PBXNativeTarget;
			buildConfigurationList = B52EA8641BB060FF00A1C98E /* Build configuration list for PBXNativeTarget "SLUSHTests" */;
			buildPhases = (
				B52EA8491BB060FF00A1C98E /* Sources */,
				B52EA84A1BB060FF00A1C98E /* Frameworks */,
				B52EA84B1BB060FF00A1C98E /* Resources */,
			);
			buildRules = (
			);
			dependencies = (
				B52EA84F1BB060FF00A1C98E /* PBXTargetDependency */,
			);
			name = SLUSHTests;
			productName = SLUSHTests;
			productReference = B52EA84D1BB060FF00A1C98E /* SLUSHTests.xctest */;
			productType = "com.apple.product-type.bundle.unit-test";
		};
		B52EA8571BB060FF00A1C98E /* SLUSHUITests */ = {
			isa = PBXNativeTarget;
			buildConfigurationList = B52EA8671BB060FF00A1C98E /* Build configuration list for PBXNativeTarget "SLUSHUITests" */;
			buildPhases = (
				B52EA8541BB060FF00A1C98E /* Sources */,
				B52EA8551BB060FF00A1C98E /* Frameworks */,
				B52EA8561BB060FF00A1C98E /* Resources */,
			);
			buildRules = (
			);
			dependencies = (
				B52EA85A1BB060FF00A1C98E /* PBXTargetDependency */,
			);
			name = SLUSHUITests;
			productName = SLUSHUITests;
			productReference = B52EA8581BB060FF00A1C98E /* SLUSHUITests.xctest */;
			productType = "com.apple.product-type.bundle.ui-testing";
		};
/* End PBXNativeTarget section */

/* Begin PBXProject section */
		B52EA8291BB060FF00A1C98E /* Project object */ = {
			isa = PBXProject;
			attributes = {
				LastUpgradeCheck = 0700;
				ORGANIZATIONNAME = "Chris Budro, Benjamin Laddin, Stephen Lardieri, and Mark Lin";
				TargetAttributes = {
					B52EA8301BB060FF00A1C98E = {
						CreatedOnToolsVersion = 7.0;
					};
					B52EA84C1BB060FF00A1C98E = {
						CreatedOnToolsVersion = 7.0;
						TestTargetID = B52EA8301BB060FF00A1C98E;
					};
					B52EA8571BB060FF00A1C98E = {
						CreatedOnToolsVersion = 7.0;
						TestTargetID = B52EA8301BB060FF00A1C98E;
					};
				};
			};
			buildConfigurationList = B52EA82C1BB060FF00A1C98E /* Build configuration list for PBXProject "SLUSH" */;
			compatibilityVersion = "Xcode 3.2";
			developmentRegion = English;
			hasScannedForEncodings = 0;
			knownRegions = (
				en,
				Base,
			);
			mainGroup = B52EA8281BB060FF00A1C98E;
			productRefGroup = B52EA8321BB060FF00A1C98E /* Products */;
			projectDirPath = "";
			projectRoot = "";
			targets = (
				B52EA8301BB060FF00A1C98E /* SLUSH */,
				B52EA84C1BB060FF00A1C98E /* SLUSHTests */,
				B52EA8571BB060FF00A1C98E /* SLUSHUITests */,
			);
		};
/* End PBXProject section */

/* Begin PBXResourcesBuildPhase section */
		B52EA82F1BB060FF00A1C98E /* Resources */ = {
			isa = PBXResourcesBuildPhase;
			buildActionMask = 2147483647;
			files = (
				B52EA8441BB060FF00A1C98E /* Assets.xcassets in Resources */,
				AEB160C61BB088CE006038A6 /* Starting.storyboard in Resources */,
				AEB160C41BB088A2006038A6 /* Profile.storyboard in Resources */,
				B52EA83F1BB060FF00A1C98E /* Listings.storyboard in Resources */,
			);
			runOnlyForDeploymentPostprocessing = 0;
		};
		B52EA84B1BB060FF00A1C98E /* Resources */ = {
			isa = PBXResourcesBuildPhase;
			buildActionMask = 2147483647;
			files = (
			);
			runOnlyForDeploymentPostprocessing = 0;
		};
		B52EA8561BB060FF00A1C98E /* Resources */ = {
			isa = PBXResourcesBuildPhase;
			buildActionMask = 2147483647;
			files = (
			);
			runOnlyForDeploymentPostprocessing = 0;
		};
/* End PBXResourcesBuildPhase section */

/* Begin PBXShellScriptBuildPhase section */
		4BA8A7038F7F6EB024AF3F7A /* Check Pods Manifest.lock */ = {
			isa = PBXShellScriptBuildPhase;
			buildActionMask = 2147483647;
			files = (
			);
			inputPaths = (
			);
			name = "Check Pods Manifest.lock";
			outputPaths = (
			);
			runOnlyForDeploymentPostprocessing = 0;
			shellPath = /bin/sh;
			shellScript = "diff \"${PODS_ROOT}/../Podfile.lock\" \"${PODS_ROOT}/Manifest.lock\" > /dev/null\nif [[ $? != 0 ]] ; then\n    cat << EOM\nerror: The sandbox is not in sync with the Podfile.lock. Run 'pod install' or update your CocoaPods installation.\nEOM\n    exit 1\nfi\n";
			showEnvVarsInLog = 0;
		};
		D6FEED2A4DCEA910847549BC /* Copy Pods Resources */ = {
			isa = PBXShellScriptBuildPhase;
			buildActionMask = 2147483647;
			files = (
			);
			inputPaths = (
			);
			name = "Copy Pods Resources";
			outputPaths = (
			);
			runOnlyForDeploymentPostprocessing = 0;
			shellPath = /bin/sh;
			shellScript = "\"${SRCROOT}/Pods/Target Support Files/Pods-SLUSH/Pods-SLUSH-resources.sh\"\n";
			showEnvVarsInLog = 0;
		};
/* End PBXShellScriptBuildPhase section */

/* Begin PBXSourcesBuildPhase section */
		B52EA82D1BB060FF00A1C98E /* Sources */ = {
			isa = PBXSourcesBuildPhase;
			buildActionMask = 2147483647;
			files = (
				4C9AB5F61BB215470037B32E /* LocationSearchResultsController.m in Sources */,
				DF7DA17A1BB1E7BC004882E0 /* PropertyQueryFilter.m in Sources */,
				4C9AB5F91BB217730037B32E /* GooglePlaceService.m in Sources */,
				B52EA8421BB060FF00A1C98E /* SLUSH.xcdatamodeld in Sources */,
				4C9AB5F01BB0EED40037B32E /* AWSDatabaseManager.m in Sources */,
				4C9AB5FC1BB243C20037B32E /* ErrorAlertController.m in Sources */,
				B52EA86C1BB061EA00A1C98E /* FilterViewController.m in Sources */,
				B52EA86F1BB0620900A1C98E /* MapViewController.m in Sources */,
				AEB160C91BB08F59006038A6 /* StartingViewController.m in Sources */,
				DF7DA1771BB1E794004882E0 /* PropertyDataObject.m in Sources */,
				4C74AF371BB0B58500D2770F /* LoginViewController.m in Sources */,
				B55830361BB1C32100002FE5 /* BrowseListingsTableViewController.m in Sources */,
				B558303E1BB1D10200002FE5 /* ImageCollectionViewCell.m in Sources */,
				4C74AF3D1BB0CB8100D2770F /* Property.m in Sources */,
				B558303B1BB1CF2B00002FE5 /* BrowseListingCellsTableViewCell.m in Sources */,
				4C74AF431BB0D21800D2770F /* Constants.m in Sources */,
				B52EA8751BB0627600A1C98E /* NewPropertyViewController.m in Sources */,
				AE06B80C1BB2344E00FB9EAE /* Secrets.m in Sources */,
				B52EA8721BB0626800A1C98E /* ProfileViewController.m in Sources */,
				4C9AB5FF1BB25D450037B32E /* PriceRangePickerDataSource.m in Sources */,
				DF7DA1741BB1E782004882E0 /* UserDataObject.m in Sources */,
				B52EA8391BB060FF00A1C98E /* AppDelegate.m in Sources */,
				B52EA8361BB060FF00A1C98E /* main.m in Sources */,
			);
			runOnlyForDeploymentPostprocessing = 0;
		};
		B52EA8491BB060FF00A1C98E /* Sources */ = {
			isa = PBXSourcesBuildPhase;
			buildActionMask = 2147483647;
			files = (
				B52EA8521BB060FF00A1C98E /* SLUSHTests.m in Sources */,
			);
			runOnlyForDeploymentPostprocessing = 0;
		};
		B52EA8541BB060FF00A1C98E /* Sources */ = {
			isa = PBXSourcesBuildPhase;
			buildActionMask = 2147483647;
			files = (
				B52EA85D1BB060FF00A1C98E /* SLUSHUITests.m in Sources */,
			);
			runOnlyForDeploymentPostprocessing = 0;
		};
/* End PBXSourcesBuildPhase section */

/* Begin PBXTargetDependency section */
		B52EA84F1BB060FF00A1C98E /* PBXTargetDependency */ = {
			isa = PBXTargetDependency;
			target = B52EA8301BB060FF00A1C98E /* SLUSH */;
			targetProxy = B52EA84E1BB060FF00A1C98E /* PBXContainerItemProxy */;
		};
		B52EA85A1BB060FF00A1C98E /* PBXTargetDependency */ = {
			isa = PBXTargetDependency;
			target = B52EA8301BB060FF00A1C98E /* SLUSH */;
			targetProxy = B52EA8591BB060FF00A1C98E /* PBXContainerItemProxy */;
		};
/* End PBXTargetDependency section */

/* Begin PBXVariantGroup section */
		B52EA83D1BB060FF00A1C98E /* Listings.storyboard */ = {
			isa = PBXVariantGroup;
			children = (
				B52EA83E1BB060FF00A1C98E /* Base */,
			);
			name = Listings.storyboard;
			sourceTree = "<group>";
		};
/* End PBXVariantGroup section */

/* Begin XCBuildConfiguration section */
		B52EA85F1BB060FF00A1C98E /* Debug */ = {
			isa = XCBuildConfiguration;
			buildSettings = {
				ALWAYS_SEARCH_USER_PATHS = NO;
				CLANG_CXX_LANGUAGE_STANDARD = "gnu++0x";
				CLANG_CXX_LIBRARY = "libc++";
				CLANG_ENABLE_MODULES = YES;
				CLANG_ENABLE_OBJC_ARC = YES;
				CLANG_WARN_BOOL_CONVERSION = YES;
				CLANG_WARN_CONSTANT_CONVERSION = YES;
				CLANG_WARN_DIRECT_OBJC_ISA_USAGE = YES_ERROR;
				CLANG_WARN_EMPTY_BODY = YES;
				CLANG_WARN_ENUM_CONVERSION = YES;
				CLANG_WARN_INT_CONVERSION = YES;
				CLANG_WARN_OBJC_ROOT_CLASS = YES_ERROR;
				CLANG_WARN_UNREACHABLE_CODE = YES;
				CLANG_WARN__DUPLICATE_METHOD_MATCH = YES;
				"CODE_SIGN_IDENTITY[sdk=iphoneos*]" = "iPhone Developer";
				COPY_PHASE_STRIP = NO;
				DEBUG_INFORMATION_FORMAT = dwarf;
				ENABLE_STRICT_OBJC_MSGSEND = YES;
				ENABLE_TESTABILITY = YES;
				GCC_C_LANGUAGE_STANDARD = gnu99;
				GCC_DYNAMIC_NO_PIC = NO;
				GCC_NO_COMMON_BLOCKS = YES;
				GCC_OPTIMIZATION_LEVEL = 0;
				GCC_PREPROCESSOR_DEFINITIONS = (
					"DEBUG=1",
					"$(inherited)",
				);
				GCC_WARN_64_TO_32_BIT_CONVERSION = YES;
				GCC_WARN_ABOUT_RETURN_TYPE = YES_ERROR;
				GCC_WARN_UNDECLARED_SELECTOR = YES;
				GCC_WARN_UNINITIALIZED_AUTOS = YES_AGGRESSIVE;
				GCC_WARN_UNUSED_FUNCTION = YES;
				GCC_WARN_UNUSED_VARIABLE = YES;
				IPHONEOS_DEPLOYMENT_TARGET = 9.0;
				MTL_ENABLE_DEBUG_INFO = YES;
				ONLY_ACTIVE_ARCH = YES;
				SDKROOT = iphoneos;
				TARGETED_DEVICE_FAMILY = "1,2";
			};
			name = Debug;
		};
		B52EA8601BB060FF00A1C98E /* Release */ = {
			isa = XCBuildConfiguration;
			buildSettings = {
				ALWAYS_SEARCH_USER_PATHS = NO;
				CLANG_CXX_LANGUAGE_STANDARD = "gnu++0x";
				CLANG_CXX_LIBRARY = "libc++";
				CLANG_ENABLE_MODULES = YES;
				CLANG_ENABLE_OBJC_ARC = YES;
				CLANG_WARN_BOOL_CONVERSION = YES;
				CLANG_WARN_CONSTANT_CONVERSION = YES;
				CLANG_WARN_DIRECT_OBJC_ISA_USAGE = YES_ERROR;
				CLANG_WARN_EMPTY_BODY = YES;
				CLANG_WARN_ENUM_CONVERSION = YES;
				CLANG_WARN_INT_CONVERSION = YES;
				CLANG_WARN_OBJC_ROOT_CLASS = YES_ERROR;
				CLANG_WARN_UNREACHABLE_CODE = YES;
				CLANG_WARN__DUPLICATE_METHOD_MATCH = YES;
				"CODE_SIGN_IDENTITY[sdk=iphoneos*]" = "iPhone Developer";
				COPY_PHASE_STRIP = NO;
				DEBUG_INFORMATION_FORMAT = "dwarf-with-dsym";
				ENABLE_NS_ASSERTIONS = NO;
				ENABLE_STRICT_OBJC_MSGSEND = YES;
				GCC_C_LANGUAGE_STANDARD = gnu99;
				GCC_NO_COMMON_BLOCKS = YES;
				GCC_WARN_64_TO_32_BIT_CONVERSION = YES;
				GCC_WARN_ABOUT_RETURN_TYPE = YES_ERROR;
				GCC_WARN_UNDECLARED_SELECTOR = YES;
				GCC_WARN_UNINITIALIZED_AUTOS = YES_AGGRESSIVE;
				GCC_WARN_UNUSED_FUNCTION = YES;
				GCC_WARN_UNUSED_VARIABLE = YES;
				IPHONEOS_DEPLOYMENT_TARGET = 9.0;
				MTL_ENABLE_DEBUG_INFO = NO;
				SDKROOT = iphoneos;
				TARGETED_DEVICE_FAMILY = "1,2";
				VALIDATE_PRODUCT = YES;
			};
			name = Release;
		};
		B52EA8621BB060FF00A1C98E /* Debug */ = {
			isa = XCBuildConfiguration;
			baseConfigurationReference = 5D12102E74F16FC75A3DF591 /* Pods-SLUSH.debug.xcconfig */;
			buildSettings = {
				ASSETCATALOG_COMPILER_APPICON_NAME = AppIcon;
				INFOPLIST_FILE = SLUSH/Info.plist;
				LD_RUNPATH_SEARCH_PATHS = "$(inherited) @executable_path/Frameworks";
				PRODUCT_BUNDLE_IDENTIFIER = CodeFellows.SLUSH;
				PRODUCT_NAME = "$(TARGET_NAME)";
			};
			name = Debug;
		};
		B52EA8631BB060FF00A1C98E /* Release */ = {
			isa = XCBuildConfiguration;
			baseConfigurationReference = 4FFE30BAB7754F1D9E63AA7B /* Pods-SLUSH.release.xcconfig */;
			buildSettings = {
				ASSETCATALOG_COMPILER_APPICON_NAME = AppIcon;
				INFOPLIST_FILE = SLUSH/Info.plist;
				LD_RUNPATH_SEARCH_PATHS = "$(inherited) @executable_path/Frameworks";
				PRODUCT_BUNDLE_IDENTIFIER = CodeFellows.SLUSH;
				PRODUCT_NAME = "$(TARGET_NAME)";
			};
			name = Release;
		};
		B52EA8651BB060FF00A1C98E /* Debug */ = {
			isa = XCBuildConfiguration;
			buildSettings = {
				BUNDLE_LOADER = "$(TEST_HOST)";
				INFOPLIST_FILE = SLUSHTests/Info.plist;
				LD_RUNPATH_SEARCH_PATHS = "$(inherited) @executable_path/Frameworks @loader_path/Frameworks";
				PRODUCT_BUNDLE_IDENTIFIER = "Benjamin-Laddin.SLUSHTests";
				PRODUCT_NAME = "$(TARGET_NAME)";
				TEST_HOST = "$(BUILT_PRODUCTS_DIR)/SLUSH.app/SLUSH";
			};
			name = Debug;
		};
		B52EA8661BB060FF00A1C98E /* Release */ = {
			isa = XCBuildConfiguration;
			buildSettings = {
				BUNDLE_LOADER = "$(TEST_HOST)";
				INFOPLIST_FILE = SLUSHTests/Info.plist;
				LD_RUNPATH_SEARCH_PATHS = "$(inherited) @executable_path/Frameworks @loader_path/Frameworks";
				PRODUCT_BUNDLE_IDENTIFIER = "Benjamin-Laddin.SLUSHTests";
				PRODUCT_NAME = "$(TARGET_NAME)";
				TEST_HOST = "$(BUILT_PRODUCTS_DIR)/SLUSH.app/SLUSH";
			};
			name = Release;
		};
		B52EA8681BB060FF00A1C98E /* Debug */ = {
			isa = XCBuildConfiguration;
			buildSettings = {
				INFOPLIST_FILE = SLUSHUITests/Info.plist;
				LD_RUNPATH_SEARCH_PATHS = "$(inherited) @executable_path/Frameworks @loader_path/Frameworks";
				PRODUCT_BUNDLE_IDENTIFIER = "Benjamin-Laddin.SLUSHUITests";
				PRODUCT_NAME = "$(TARGET_NAME)";
				TEST_TARGET_NAME = SLUSH;
				USES_XCTRUNNER = YES;
			};
			name = Debug;
		};
		B52EA8691BB060FF00A1C98E /* Release */ = {
			isa = XCBuildConfiguration;
			buildSettings = {
				INFOPLIST_FILE = SLUSHUITests/Info.plist;
				LD_RUNPATH_SEARCH_PATHS = "$(inherited) @executable_path/Frameworks @loader_path/Frameworks";
				PRODUCT_BUNDLE_IDENTIFIER = "Benjamin-Laddin.SLUSHUITests";
				PRODUCT_NAME = "$(TARGET_NAME)";
				TEST_TARGET_NAME = SLUSH;
				USES_XCTRUNNER = YES;
			};
			name = Release;
		};
/* End XCBuildConfiguration section */

/* Begin XCConfigurationList section */
		B52EA82C1BB060FF00A1C98E /* Build configuration list for PBXProject "SLUSH" */ = {
			isa = XCConfigurationList;
			buildConfigurations = (
				B52EA85F1BB060FF00A1C98E /* Debug */,
				B52EA8601BB060FF00A1C98E /* Release */,
			);
			defaultConfigurationIsVisible = 0;
			defaultConfigurationName = Release;
		};
		B52EA8611BB060FF00A1C98E /* Build configuration list for PBXNativeTarget "SLUSH" */ = {
			isa = XCConfigurationList;
			buildConfigurations = (
				B52EA8621BB060FF00A1C98E /* Debug */,
				B52EA8631BB060FF00A1C98E /* Release */,
			);
			defaultConfigurationIsVisible = 0;
			defaultConfigurationName = Release;
		};
		B52EA8641BB060FF00A1C98E /* Build configuration list for PBXNativeTarget "SLUSHTests" */ = {
			isa = XCConfigurationList;
			buildConfigurations = (
				B52EA8651BB060FF00A1C98E /* Debug */,
				B52EA8661BB060FF00A1C98E /* Release */,
			);
			defaultConfigurationIsVisible = 0;
			defaultConfigurationName = Release;
		};
		B52EA8671BB060FF00A1C98E /* Build configuration list for PBXNativeTarget "SLUSHUITests" */ = {
			isa = XCConfigurationList;
			buildConfigurations = (
				B52EA8681BB060FF00A1C98E /* Debug */,
				B52EA8691BB060FF00A1C98E /* Release */,
			);
			defaultConfigurationIsVisible = 0;
			defaultConfigurationName = Release;
		};
/* End XCConfigurationList section */

/* Begin XCVersionGroup section */
		B52EA8401BB060FF00A1C98E /* SLUSH.xcdatamodeld */ = {
			isa = XCVersionGroup;
			children = (
				B52EA8411BB060FF00A1C98E /* SLUSH.xcdatamodel */,
			);
			currentVersion = B52EA8411BB060FF00A1C98E /* SLUSH.xcdatamodel */;
			path = SLUSH.xcdatamodeld;
			sourceTree = "<group>";
			versionGroupType = wrapper.xcdatamodel;
		};
/* End XCVersionGroup section */
	};
	rootObject = B52EA8291BB060FF00A1C98E /* Project object */;
}
